
Microsoft Visual Studio Solution File, Format Version 12.00
# Visual Studio Version 16
VisualStudioVersion = 16.0.30128.74
MinimumVisualStudioVersion = 10.0.40219.1
Project("{2150E333-8FDC-42A3-9474-1A3956D46DE8}") = "Creational", "Creational", "{99AC4221-3180-43D1-B828-A12884E1F688}"
	ProjectSection(SolutionItems) = preProject
		..\..\..\..\..\..\TODO.txt = ..\..\..\..\..\..\TODO.txt
	EndProjectSection
EndProject
Project("{2150E333-8FDC-42A3-9474-1A3956D46DE8}") = "Structural", "Structural", "{7AEC6EAE-E37C-4230-832D-5D04376325D7}"
	ProjectSection(SolutionItems) = preProject
		..\..\..\..\..\..\TODO.txt = ..\..\..\..\..\..\TODO.txt
	EndProjectSection
EndProject
Project("{2150E333-8FDC-42A3-9474-1A3956D46DE8}") = "Behavioral", "Behavioral", "{C60C0936-A5F8-427D-B979-64DDC5EFA35E}"
	ProjectSection(SolutionItems) = preProject
		..\..\..\..\..\..\TODO.txt = ..\..\..\..\..\..\TODO.txt
	EndProjectSection
EndProject
Project("{2150E333-8FDC-42A3-9474-1A3956D46DE8}") = "InversionOfControl", "InversionOfControl", "{12CB1DB5-FE96-4A08-8173-9DE37E9EE92B}"
	ProjectSection(SolutionItems) = preProject
		..\..\..\..\..\..\TODO.txt = ..\..\..\..\..\..\TODO.txt
	EndProjectSection
EndProject
Project("{2150E333-8FDC-42A3-9474-1A3956D46DE8}") = "DependencyInjection", "DependencyInjection", "{F4CEFB58-C1FD-4C9A-8E55-D085EEC7D49B}"
	ProjectSection(SolutionItems) = preProject
		..\..\..\..\..\..\TODO.txt = ..\..\..\..\..\..\TODO.txt
	EndProjectSection
EndProject
Project("{2150E333-8FDC-42A3-9474-1A3956D46DE8}") = "Repository", "Repository", "{90C756DC-5844-442E-8251-3E39A2B94617}"
	ProjectSection(SolutionItems) = preProject
		..\..\..\..\..\..\TODO.txt = ..\..\..\..\..\..\TODO.txt
	EndProjectSection
EndProject
Project("{FAE04EC0-301F-11D3-BF4B-00C04F79EFBC}") = "Hexagonal.DesignPatterns.Behavioral", "Hexagonal.DesignPatterns.Behavioral\Hexagonal.DesignPatterns.Behavioral.csproj", "{B2003B83-61B5-4F57-9068-C99A671BC154}"
EndProject
Global
	GlobalSection(SolutionConfigurationPlatforms) = preSolution
		Debug|Any CPU = Debug|Any CPU
		Release|Any CPU = Release|Any CPU
	EndGlobalSection
	GlobalSection(ProjectConfigurationPlatforms) = postSolution
		{B2003B83-61B5-4F57-9068-C99A671BC154}.Debug|Any CPU.ActiveCfg = Debug|Any CPU
		{B2003B83-61B5-4F57-9068-C99A671BC154}.Debug|Any CPU.Build.0 = Debug|Any CPU
		{B2003B83-61B5-4F57-9068-C99A671BC154}.Release|Any CPU.ActiveCfg = Release|Any CPU
		{B2003B83-61B5-4F57-9068-C99A671BC154}.Release|Any CPU.Build.0 = Release|Any CPU
	EndGlobalSection
	GlobalSection(SolutionProperties) = preSolution
		HideSolutionNode = FALSE
	EndGlobalSection
	GlobalSection(NestedProjects) = preSolution
		{B2003B83-61B5-4F57-9068-C99A671BC154} = {C60C0936-A5F8-427D-B979-64DDC5EFA35E}
	EndGlobalSection
	GlobalSection(ExtensibilityGlobals) = postSolution
		SolutionGuid = {F82E86A9-7FB6-4C4B-AC90-268C6707A8DC}
	EndGlobalSection
EndGlobal
