
Microsoft Visual Studio Solution File, Format Version 12.00
# Visual Studio Version 16
VisualStudioVersion = 25.0.1705.7
MinimumVisualStudioVersion = 10.0.40219.1
Project("{FAE04EC0-301F-11D3-BF4B-00C04F79EFBC}") = "LogicBrackets.SOLIDPrinciples.SingleResponsibility", "LogicBrackets.SOLIDPrinciples.SingleResponsibility\LogicBrackets.SOLIDPrinciples.SingleResponsibility.csproj", "{055E9432-0FF2-49FE-9D6E-91B214ADFA98}"
EndProject
Global
	GlobalSection(SolutionConfigurationPlatforms) = preSolution
		Debug|Any CPU = Debug|Any CPU
		Release|Any CPU = Release|Any CPU
	EndGlobalSection
	GlobalSection(ProjectConfigurationPlatforms) = postSolution
		{055E9432-0FF2-49FE-9D6E-91B214ADFA98}.Debug|Any CPU.ActiveCfg = Debug|Any CPU
		{055E9432-0FF2-49FE-9D6E-91B214ADFA98}.Debug|Any CPU.Build.0 = Debug|Any CPU
		{055E9432-0FF2-49FE-9D6E-91B214ADFA98}.Release|Any CPU.ActiveCfg = Release|Any CPU
		{055E9432-0FF2-49FE-9D6E-91B214ADFA98}.Release|Any CPU.Build.0 = Release|Any CPU
	EndGlobalSection
	GlobalSection(SolutionProperties) = preSolution
		HideSolutionNode = FALSE
	EndGlobalSection
	GlobalSection(ExtensibilityGlobals) = postSolution
		SolutionGuid = {E8D7F57E-F51B-4549-8197-23955141E878}
	EndGlobalSection
EndGlobal
