
Microsoft Visual Studio Solution File, Format Version 12.00
# Visual Studio Version 16
VisualStudioVersion = 16.0.30128.74
MinimumVisualStudioVersion = 10.0.40219.1
Project("{FAE04EC0-301F-11D3-BF4B-00C04F79EFBC}") = "Hexagonal.Learning.DesignPatterns", "Hexagonal.Learning.DesignPatterns\Hexagonal.Learning.DesignPatterns.csproj", "{8506AE6C-35AA-4EF1-B0A4-8492CA0336B4}"
EndProject
Global
	GlobalSection(SolutionConfigurationPlatforms) = preSolution
		Debug|Any CPU = Debug|Any CPU
		Release|Any CPU = Release|Any CPU
	EndGlobalSection
	GlobalSection(ProjectConfigurationPlatforms) = postSolution
		{8506AE6C-35AA-4EF1-B0A4-8492CA0336B4}.Debug|Any CPU.ActiveCfg = Debug|Any CPU
		{8506AE6C-35AA-4EF1-B0A4-8492CA0336B4}.Debug|Any CPU.Build.0 = Debug|Any CPU
		{8506AE6C-35AA-4EF1-B0A4-8492CA0336B4}.Release|Any CPU.ActiveCfg = Release|Any CPU
		{8506AE6C-35AA-4EF1-B0A4-8492CA0336B4}.Release|Any CPU.Build.0 = Release|Any CPU
	EndGlobalSection
	GlobalSection(SolutionProperties) = preSolution
		HideSolutionNode = FALSE
	EndGlobalSection
	GlobalSection(ExtensibilityGlobals) = postSolution
		SolutionGuid = {569C9F1B-B76F-42B5-B566-5C45B9F2DE7F}
	EndGlobalSection
EndGlobal
